
Microsoft Visual Studio Solution File, Format Version 12.00
# Visual Studio 15
VisualStudioVersion = 15.0.26124.0
MinimumVisualStudioVersion = 15.0.26124.0
Project("{FAE04EC0-301F-11D3-BF4B-00C04F79EFBC}") = "sager-calculotaxa", "process\sager-calculotaxa.csproj", "{8CE91F15-E65C-46F2-9FE1-C7FD4B8FF902}"
EndProject
Project("{2150E333-8FDC-42A3-9474-1A3956D46DE8}") = "test", "test", "{8AFA54C3-6FC3-4964-8ED5-958C8C111AA5}"
EndProject
Project("{FAE04EC0-301F-11D3-BF4B-00C04F79EFBC}") = "sager-calculotaxa.UnitTest", "test\unit\sager-calculotaxa.UnitTest.csproj", "{EFD509CC-F581-432B-B09A-2C6F37E2053D}"
EndProject
Global
	GlobalSection(SolutionConfigurationPlatforms) = preSolution
		Debug|Any CPU = Debug|Any CPU
		Debug|x64 = Debug|x64
		Debug|x86 = Debug|x86
		Release|Any CPU = Release|Any CPU
		Release|x64 = Release|x64
		Release|x86 = Release|x86
	EndGlobalSection
	GlobalSection(SolutionProperties) = preSolution
		HideSolutionNode = FALSE
	EndGlobalSection
	GlobalSection(ProjectConfigurationPlatforms) = postSolution
		{8CE91F15-E65C-46F2-9FE1-C7FD4B8FF902}.Debug|Any CPU.ActiveCfg = Debug|Any CPU
		{8CE91F15-E65C-46F2-9FE1-C7FD4B8FF902}.Debug|Any CPU.Build.0 = Debug|Any CPU
		{8CE91F15-E65C-46F2-9FE1-C7FD4B8FF902}.Debug|x64.ActiveCfg = Debug|Any CPU
		{8CE91F15-E65C-46F2-9FE1-C7FD4B8FF902}.Debug|x64.Build.0 = Debug|Any CPU
		{8CE91F15-E65C-46F2-9FE1-C7FD4B8FF902}.Debug|x86.ActiveCfg = Debug|Any CPU
		{8CE91F15-E65C-46F2-9FE1-C7FD4B8FF902}.Debug|x86.Build.0 = Debug|Any CPU
		{8CE91F15-E65C-46F2-9FE1-C7FD4B8FF902}.Release|Any CPU.ActiveCfg = Release|Any CPU
		{8CE91F15-E65C-46F2-9FE1-C7FD4B8FF902}.Release|Any CPU.Build.0 = Release|Any CPU
		{8CE91F15-E65C-46F2-9FE1-C7FD4B8FF902}.Release|x64.ActiveCfg = Release|Any CPU
		{8CE91F15-E65C-46F2-9FE1-C7FD4B8FF902}.Release|x64.Build.0 = Release|Any CPU
		{8CE91F15-E65C-46F2-9FE1-C7FD4B8FF902}.Release|x86.ActiveCfg = Release|Any CPU
		{8CE91F15-E65C-46F2-9FE1-C7FD4B8FF902}.Release|x86.Build.0 = Release|Any CPU
		{EFD509CC-F581-432B-B09A-2C6F37E2053D}.Debug|Any CPU.ActiveCfg = Debug|Any CPU
		{EFD509CC-F581-432B-B09A-2C6F37E2053D}.Debug|Any CPU.Build.0 = Debug|Any CPU
		{EFD509CC-F581-432B-B09A-2C6F37E2053D}.Debug|x64.ActiveCfg = Debug|Any CPU
		{EFD509CC-F581-432B-B09A-2C6F37E2053D}.Debug|x64.Build.0 = Debug|Any CPU
		{EFD509CC-F581-432B-B09A-2C6F37E2053D}.Debug|x86.ActiveCfg = Debug|Any CPU
		{EFD509CC-F581-432B-B09A-2C6F37E2053D}.Debug|x86.Build.0 = Debug|Any CPU
		{EFD509CC-F581-432B-B09A-2C6F37E2053D}.Release|Any CPU.ActiveCfg = Release|Any CPU
		{EFD509CC-F581-432B-B09A-2C6F37E2053D}.Release|Any CPU.Build.0 = Release|Any CPU
		{EFD509CC-F581-432B-B09A-2C6F37E2053D}.Release|x64.ActiveCfg = Release|Any CPU
		{EFD509CC-F581-432B-B09A-2C6F37E2053D}.Release|x64.Build.0 = Release|Any CPU
		{EFD509CC-F581-432B-B09A-2C6F37E2053D}.Release|x86.ActiveCfg = Release|Any CPU
		{EFD509CC-F581-432B-B09A-2C6F37E2053D}.Release|x86.Build.0 = Release|Any CPU
	EndGlobalSection
	GlobalSection(NestedProjects) = preSolution
		{EFD509CC-F581-432B-B09A-2C6F37E2053D} = {8AFA54C3-6FC3-4964-8ED5-958C8C111AA5}
	EndGlobalSection
EndGlobal
