
Microsoft Visual Studio Solution File, Format Version 12.00
# Visual Studio 15
VisualStudioVersion = 15.0.26124.0
MinimumVisualStudioVersion = 15.0.26124.0
Project("{FAE04EC0-301F-11D3-BF4B-00C04F79EFBC}") = "cadastro-conta", "process\cadastro-conta.csproj", "{2B3460D3-330C-494D-BBFC-E39A6F3A36A2}"
EndProject
Project("{2150E333-8FDC-42A3-9474-1A3956D46DE8}") = "test", "test", "{5880F53C-731F-46A8-94EE-868A99E5DE32}"
EndProject
Project("{FAE04EC0-301F-11D3-BF4B-00C04F79EFBC}") = "cadastro-conta.UnitTest", "test\unit\cadastro-conta.UnitTest.csproj", "{82E56FBB-08C6-4B88-90FA-50A0E50EC056}"
EndProject
Global
	GlobalSection(SolutionConfigurationPlatforms) = preSolution
		Debug|Any CPU = Debug|Any CPU
		Debug|x64 = Debug|x64
		Debug|x86 = Debug|x86
		Release|Any CPU = Release|Any CPU
		Release|x64 = Release|x64
		Release|x86 = Release|x86
	EndGlobalSection
	GlobalSection(SolutionProperties) = preSolution
		HideSolutionNode = FALSE
	EndGlobalSection
	GlobalSection(ProjectConfigurationPlatforms) = postSolution
		{2B3460D3-330C-494D-BBFC-E39A6F3A36A2}.Debug|Any CPU.ActiveCfg = Debug|Any CPU
		{2B3460D3-330C-494D-BBFC-E39A6F3A36A2}.Debug|Any CPU.Build.0 = Debug|Any CPU
		{2B3460D3-330C-494D-BBFC-E39A6F3A36A2}.Debug|x64.ActiveCfg = Debug|Any CPU
		{2B3460D3-330C-494D-BBFC-E39A6F3A36A2}.Debug|x64.Build.0 = Debug|Any CPU
		{2B3460D3-330C-494D-BBFC-E39A6F3A36A2}.Debug|x86.ActiveCfg = Debug|Any CPU
		{2B3460D3-330C-494D-BBFC-E39A6F3A36A2}.Debug|x86.Build.0 = Debug|Any CPU
		{2B3460D3-330C-494D-BBFC-E39A6F3A36A2}.Release|Any CPU.ActiveCfg = Release|Any CPU
		{2B3460D3-330C-494D-BBFC-E39A6F3A36A2}.Release|Any CPU.Build.0 = Release|Any CPU
		{2B3460D3-330C-494D-BBFC-E39A6F3A36A2}.Release|x64.ActiveCfg = Release|Any CPU
		{2B3460D3-330C-494D-BBFC-E39A6F3A36A2}.Release|x64.Build.0 = Release|Any CPU
		{2B3460D3-330C-494D-BBFC-E39A6F3A36A2}.Release|x86.ActiveCfg = Release|Any CPU
		{2B3460D3-330C-494D-BBFC-E39A6F3A36A2}.Release|x86.Build.0 = Release|Any CPU
		{82E56FBB-08C6-4B88-90FA-50A0E50EC056}.Debug|Any CPU.ActiveCfg = Debug|Any CPU
		{82E56FBB-08C6-4B88-90FA-50A0E50EC056}.Debug|Any CPU.Build.0 = Debug|Any CPU
		{82E56FBB-08C6-4B88-90FA-50A0E50EC056}.Debug|x64.ActiveCfg = Debug|Any CPU
		{82E56FBB-08C6-4B88-90FA-50A0E50EC056}.Debug|x64.Build.0 = Debug|Any CPU
		{82E56FBB-08C6-4B88-90FA-50A0E50EC056}.Debug|x86.ActiveCfg = Debug|Any CPU
		{82E56FBB-08C6-4B88-90FA-50A0E50EC056}.Debug|x86.Build.0 = Debug|Any CPU
		{82E56FBB-08C6-4B88-90FA-50A0E50EC056}.Release|Any CPU.ActiveCfg = Release|Any CPU
		{82E56FBB-08C6-4B88-90FA-50A0E50EC056}.Release|Any CPU.Build.0 = Release|Any CPU
		{82E56FBB-08C6-4B88-90FA-50A0E50EC056}.Release|x64.ActiveCfg = Release|Any CPU
		{82E56FBB-08C6-4B88-90FA-50A0E50EC056}.Release|x64.Build.0 = Release|Any CPU
		{82E56FBB-08C6-4B88-90FA-50A0E50EC056}.Release|x86.ActiveCfg = Release|Any CPU
		{82E56FBB-08C6-4B88-90FA-50A0E50EC056}.Release|x86.Build.0 = Release|Any CPU
	EndGlobalSection
	GlobalSection(NestedProjects) = preSolution
		{82E56FBB-08C6-4B88-90FA-50A0E50EC056} = {5880F53C-731F-46A8-94EE-868A99E5DE32}
	EndGlobalSection
EndGlobal
